
Microsoft Visual Studio Solution File, Format Version 12.00
# Visual Studio Version 17
VisualStudioVersion = 17.5.33516.290
MinimumVisualStudioVersion = 10.0.40219.1
Project("{FAE04EC0-301F-11D3-BF4B-00C04F79EFBC}") = "Method overloading", "Method overloading.csproj", "{B138A5F7-21BC-4052-99F4-5EBBC8211243}"
EndProject
Global
	GlobalSection(SolutionConfigurationPlatforms) = preSolution
		Debug|Any CPU = Debug|Any CPU
		Release|Any CPU = Release|Any CPU
	EndGlobalSection
	GlobalSection(ProjectConfigurationPlatforms) = postSolution
		{B138A5F7-21BC-4052-99F4-5EBBC8211243}.Debug|Any CPU.ActiveCfg = Debug|Any CPU
		{B138A5F7-21BC-4052-99F4-5EBBC8211243}.Debug|Any CPU.Build.0 = Debug|Any CPU
		{B138A5F7-21BC-4052-99F4-5EBBC8211243}.Release|Any CPU.ActiveCfg = Release|Any CPU
		{B138A5F7-21BC-4052-99F4-5EBBC8211243}.Release|Any CPU.Build.0 = Release|Any CPU
	EndGlobalSection
	GlobalSection(SolutionProperties) = preSolution
		HideSolutionNode = FALSE
	EndGlobalSection
	GlobalSection(ExtensibilityGlobals) = postSolution
		SolutionGuid = {475ED45F-2043-4FA3-84FC-9EF0E87D9672}
	EndGlobalSection
EndGlobal
